
Microsoft Visual Studio Solution File, Format Version 12.00
# Visual Studio 15
VisualStudioVersion = 15.0.28307.168
MinimumVisualStudioVersion = 10.0.40219.1
Project("{FAE04EC0-301F-11D3-BF4B-00C04F79EFBC}") = "CatGame", "CatGame\CatGame.csproj", "{AEADA008-4CD5-4B20-B4A6-0C7A59B8A9BD}"
EndProject
Global
	GlobalSection(SolutionConfigurationPlatforms) = preSolution
		Debug|x86 = Debug|x86
		Release|x86 = Release|x86
	EndGlobalSection
	GlobalSection(ProjectConfigurationPlatforms) = postSolution
		{AEADA008-4CD5-4B20-B4A6-0C7A59B8A9BD}.Debug|x86.ActiveCfg = Debug|x86
		{AEADA008-4CD5-4B20-B4A6-0C7A59B8A9BD}.Debug|x86.Build.0 = Debug|x86
		{AEADA008-4CD5-4B20-B4A6-0C7A59B8A9BD}.Release|x86.ActiveCfg = Release|x86
		{AEADA008-4CD5-4B20-B4A6-0C7A59B8A9BD}.Release|x86.Build.0 = Release|x86
	EndGlobalSection
	GlobalSection(SolutionProperties) = preSolution
		HideSolutionNode = FALSE
	EndGlobalSection
	GlobalSection(ExtensibilityGlobals) = postSolution
		SolutionGuid = {AAE8CFE9-FFB8-4BE0-B67F-B49E8B341389}
	EndGlobalSection
EndGlobal
